Microsoft Visual Studio Solution File, Format Version 11.00
# Visual Studio 2008

Project("{8A48F6E4-A5D1-A560-F49B-69A7CCFC3948}") = "OyunTeknolojileriProje(Son)", "Assembly-CSharp.csproj", "{0766A324-F801-9F3B-6682-82E205AB4D88}"
EndProject
Global
	GlobalSection(SolutionConfigurationPlatforms) = preSolution
		Debug|Any CPU = Debug|Any CPU
		Release|Any CPU = Release|Any CPU
	EndGlobalSection
	GlobalSection(ProjectConfigurationPlatforms) = postSolution
		{0766A324-F801-9F3B-6682-82E205AB4D88}.Debug|Any CPU.ActiveCfg = Debug|Any CPU
		{0766A324-F801-9F3B-6682-82E205AB4D88}.Debug|Any CPU.Build.0 = Debug|Any CPU
		{0766A324-F801-9F3B-6682-82E205AB4D88}.Release|Any CPU.ActiveCfg = Release|Any CPU
		{0766A324-F801-9F3B-6682-82E205AB4D88}.Release|Any CPU.Build.0 = Release|Any CPU
	EndGlobalSection
	GlobalSection(SolutionProperties) = preSolution
		HideSolutionNode = FALSE
	EndGlobalSection
	GlobalSection(MonoDevelopProperties) = preSolution
		StartupItem = Assembly-CSharp.csproj
	EndGlobalSection
EndGlobal
